
Microsoft Visual Studio Solution File, Format Version 12.00
# Visual Studio Version 16
VisualStudioVersion = 16.0.809.1
MinimumVisualStudioVersion = 10.0.40219.1
Project("{FAE04EC0-301F-11D3-BF4B-00C04F79EFBC}") = "DanskeBankTest", "DanskeBankTest\DanskeBankTest.csproj", "{0BAA2E7A-4177-439B-A8D1-3BA8FC977FD2}"
EndProject
Project("{FAE04EC0-301F-11D3-BF4B-00C04F79EFBC}") = "Data", "Data\Data.csproj", "{E244CA77-718B-4598-B63C-28105EADA21E}"
EndProject
Project("{FAE04EC0-301F-11D3-BF4B-00C04F79EFBC}") = "Business", "Business\Business.csproj", "{8A7A232B-E0E3-4B5C-9518-4A662B8FCBA3}"
EndProject
Global
	GlobalSection(SolutionConfigurationPlatforms) = preSolution
		Debug|Any CPU = Debug|Any CPU
		Release|Any CPU = Release|Any CPU
	EndGlobalSection
	GlobalSection(ProjectConfigurationPlatforms) = postSolution
		{0BAA2E7A-4177-439B-A8D1-3BA8FC977FD2}.Debug|Any CPU.ActiveCfg = Debug|Any CPU
		{0BAA2E7A-4177-439B-A8D1-3BA8FC977FD2}.Debug|Any CPU.Build.0 = Debug|Any CPU
		{0BAA2E7A-4177-439B-A8D1-3BA8FC977FD2}.Release|Any CPU.ActiveCfg = Release|Any CPU
		{0BAA2E7A-4177-439B-A8D1-3BA8FC977FD2}.Release|Any CPU.Build.0 = Release|Any CPU
		{E244CA77-718B-4598-B63C-28105EADA21E}.Debug|Any CPU.ActiveCfg = Debug|Any CPU
		{E244CA77-718B-4598-B63C-28105EADA21E}.Debug|Any CPU.Build.0 = Debug|Any CPU
		{E244CA77-718B-4598-B63C-28105EADA21E}.Release|Any CPU.ActiveCfg = Release|Any CPU
		{E244CA77-718B-4598-B63C-28105EADA21E}.Release|Any CPU.Build.0 = Release|Any CPU
		{8A7A232B-E0E3-4B5C-9518-4A662B8FCBA3}.Debug|Any CPU.ActiveCfg = Debug|Any CPU
		{8A7A232B-E0E3-4B5C-9518-4A662B8FCBA3}.Debug|Any CPU.Build.0 = Debug|Any CPU
		{8A7A232B-E0E3-4B5C-9518-4A662B8FCBA3}.Release|Any CPU.ActiveCfg = Release|Any CPU
		{8A7A232B-E0E3-4B5C-9518-4A662B8FCBA3}.Release|Any CPU.Build.0 = Release|Any CPU
	EndGlobalSection
	GlobalSection(SolutionProperties) = preSolution
		HideSolutionNode = FALSE
	EndGlobalSection
	GlobalSection(ExtensibilityGlobals) = postSolution
		SolutionGuid = {5BA03368-4458-4B31-A479-D5806CA4E89C}
	EndGlobalSection
EndGlobal
